
Microsoft Visual Studio Solution File, Format Version 12.00
# Visual Studio Version 16
VisualStudioVersion = 16.0.30611.23
MinimumVisualStudioVersion = 10.0.40219.1
Project("{9A19103F-16F7-4668-BE54-9A1E7A4F7556}") = "ImAText", "ImAText\ImAText.csproj", "{579CDCA3-C016-4E43-AC75-9FBFDA560967}"
EndProject
Project("{2150E333-8FDC-42A3-9474-1A3956D46DE8}") = "src", "src", "{D064A0B5-0635-4686-9FE9-C0C2EB7064D2}"
EndProject
Project("{2150E333-8FDC-42A3-9474-1A3956D46DE8}") = "images", "images", "{79310FF9-8D2D-4BB0-A032-F44D30A3276A}"
	ProjectSection(SolutionItems) = preProject
		..\..\..\Downloads\test-image-1.jpg = ..\..\..\Downloads\test-image-1.jpg
	EndProjectSection
EndProject
Project("{2150E333-8FDC-42A3-9474-1A3956D46DE8}") = "tests", "tests", "{4D57448D-3C35-4485-A34F-F396E144979C}"
EndProject
Global
	GlobalSection(SolutionConfigurationPlatforms) = preSolution
		Debug|Any CPU = Debug|Any CPU
		Release|Any CPU = Release|Any CPU
	EndGlobalSection
	GlobalSection(ProjectConfigurationPlatforms) = postSolution
		{579CDCA3-C016-4E43-AC75-9FBFDA560967}.Debug|Any CPU.ActiveCfg = Debug|Any CPU
		{579CDCA3-C016-4E43-AC75-9FBFDA560967}.Debug|Any CPU.Build.0 = Debug|Any CPU
		{579CDCA3-C016-4E43-AC75-9FBFDA560967}.Release|Any CPU.ActiveCfg = Release|Any CPU
		{579CDCA3-C016-4E43-AC75-9FBFDA560967}.Release|Any CPU.Build.0 = Release|Any CPU
	EndGlobalSection
	GlobalSection(SolutionProperties) = preSolution
		HideSolutionNode = FALSE
	EndGlobalSection
	GlobalSection(NestedProjects) = preSolution
		{579CDCA3-C016-4E43-AC75-9FBFDA560967} = {D064A0B5-0635-4686-9FE9-C0C2EB7064D2}
	EndGlobalSection
	GlobalSection(ExtensibilityGlobals) = postSolution
		SolutionGuid = {153932B4-FC3C-43B5-A5AE-382414FA2B1F}
	EndGlobalSection
EndGlobal
