
Microsoft Visual Studio Solution File, Format Version 12.00
# Visual Studio Version 16
VisualStudioVersion = 16.0.30611.23
MinimumVisualStudioVersion = 10.0.40219.1
Project("{9A19103F-16F7-4668-BE54-9A1E7A4F7556}") = "ImAText", "src\ImAText\ImAText.csproj", "{579CDCA3-C016-4E43-AC75-9FBFDA560967}"
EndProject
Global
	GlobalSection(SolutionConfigurationPlatforms) = preSolution
		Debug|Any CPU = Debug|Any CPU
		Release|Any CPU = Release|Any CPU
	EndGlobalSection
	GlobalSection(ProjectConfigurationPlatforms) = postSolution
		{579CDCA3-C016-4E43-AC75-9FBFDA560967}.Debug|Any CPU.ActiveCfg = Debug|Any CPU
		{579CDCA3-C016-4E43-AC75-9FBFDA560967}.Debug|Any CPU.Build.0 = Debug|Any CPU
		{579CDCA3-C016-4E43-AC75-9FBFDA560967}.Release|Any CPU.ActiveCfg = Release|Any CPU
		{579CDCA3-C016-4E43-AC75-9FBFDA560967}.Release|Any CPU.Build.0 = Release|Any CPU
	EndGlobalSection
	GlobalSection(SolutionProperties) = preSolution
		HideSolutionNode = FALSE
	EndGlobalSection
	GlobalSection(ExtensibilityGlobals) = postSolution
		SolutionGuid = {153932B4-FC3C-43B5-A5AE-382414FA2B1F}
	EndGlobalSection
EndGlobal
